// !$*UTF8*$!
{
	archiveVersion = 1;
	classes = {
	};
	objectVersion = 50;
	objects = {

/* Begin PBXBuildFile section */
		D6AAC79A2327FB7C00AF25B6 /* AppDelegate.swift in Sources */ = {isa = PBXBuildFile; fileRef = D6AAC7992327FB7C00AF25B6 /* AppDelegate.swift */; };
		D6AAC79C2327FB7C00AF25B6 /* ViewController.swift in Sources */ = {isa = PBXBuildFile; fileRef = D6AAC79B2327FB7C00AF25B6 /* ViewController.swift */; };
		D6AAC79F2327FB7C00AF25B6 /* Main.storyboard in Resources */ = {isa = PBXBuildFile; fileRef = D6AAC79D2327FB7C00AF25B6 /* Main.storyboard */; };
		D6AAC7A22327FB7C00AF25B6 /* FlickerMap.xcdatamodeld in Sources */ = {isa = PBXBuildFile; fileRef = D6AAC7A02327FB7C00AF25B6 /* FlickerMap.xcdatamodeld */; };
		D6AAC7A42327FB7E00AF25B6 /* Assets.xcassets in Resources */ = {isa = PBXBuildFile; fileRef = D6AAC7A32327FB7E00AF25B6 /* Assets.xcassets */; };
		D6AAC7A72327FB7E00AF25B6 /* LaunchScreen.storyboard in Resources */ = {isa = PBXBuildFile; fileRef = D6AAC7A52327FB7E00AF25B6 /* LaunchScreen.storyboard */; };
		D6AAC7AF2328227E00AF25B6 /* CustomAnnotations.swift in Sources */ = {isa = PBXBuildFile; fileRef = D6AAC7AE2328227E00AF25B6 /* CustomAnnotations.swift */; };
		D6AAC7B12328369700AF25B6 /* FlickerViewController.swift in Sources */ = {isa = PBXBuildFile; fileRef = D6AAC7B02328369700AF25B6 /* FlickerViewController.swift */; };
		D6AAC7B32328660200AF25B6 /* Constants.swift in Sources */ = {isa = PBXBuildFile; fileRef = D6AAC7B22328660200AF25B6 /* Constants.swift */; };
		D6AAC7B52328661F00AF25B6 /* FlickerCollectionViewCell.swift in Sources */ = {isa = PBXBuildFile; fileRef = D6AAC7B42328661F00AF25B6 /* FlickerCollectionViewCell.swift */; };
		D6FA8F0E2343FDFD00D736BB /* ColorExtention.swift in Sources */ = {isa = PBXBuildFile; fileRef = D6FA8F0D2343FDFC00D736BB /* ColorExtention.swift */; };
/* End PBXBuildFile section */

/* Begin PBXFileReference section */
		D6AAC7962327FB7C00AF25B6 /* FlickerMap.app */ = {isa = PBXFileReference; explicitFileType = wrapper.application; includeInIndex = 0; path = FlickerMap.app; sourceTree = BUILT_PRODUCTS_DIR; };
		D6AAC7992327FB7C00AF25B6 /* AppDelegate.swift */ = {isa = PBXFileReference; lastKnownFileType = sourcecode.swift; path = AppDelegate.swift; sourceTree = "<group>"; };
		D6AAC79B2327FB7C00AF25B6 /* ViewController.swift */ = {isa = PBXFileReference; lastKnownFileType = sourcecode.swift; path = ViewController.swift; sourceTree = "<group>"; };
		D6AAC79E2327FB7C00AF25B6 /* Base */ = {isa = PBXFileReference; lastKnownFileType = file.storyboard; name = Base; path = Base.lproj/Main.storyboard; sourceTree = "<group>"; };
		D6AAC7A12327FB7C00AF25B6 /* FlickerMap.xcdatamodel */ = {isa = PBXFileReference; lastKnownFileType = wrapper.xcdatamodel; path = FlickerMap.xcdatamodel; sourceTree = "<group>"; };
		D6AAC7A32327FB7E00AF25B6 /* Assets.xcassets */ = {isa = PBXFileReference; lastKnownFileType = folder.assetcatalog; path = Assets.xcassets; sourceTree = "<group>"; };
		D6AAC7A62327FB7E00AF25B6 /* Base */ = {isa = PBXFileReference; lastKnownFileType = file.storyboard; name = Base; path = Base.lproj/LaunchScreen.storyboard; sourceTree = "<group>"; };
		D6AAC7A82327FB7E00AF25B6 /* Info.plist */ = {isa = PBXFileReference; lastKnownFileType = text.plist.xml; path = Info.plist; sourceTree = "<group>"; };
		D6AAC7AE2328227E00AF25B6 /* CustomAnnotations.swift */ = {isa = PBXFileReference; lastKnownFileType = sourcecode.swift; path = CustomAnnotations.swift; sourceTree = "<group>"; };
		D6AAC7B02328369700AF25B6 /* FlickerViewController.swift */ = {isa = PBXFileReference; lastKnownFileType = sourcecode.swift; path = FlickerViewController.swift; sourceTree = "<group>"; };
		D6AAC7B22328660200AF25B6 /* Constants.swift */ = {isa = PBXFileReference; lastKnownFileType = sourcecode.swift; path = Constants.swift; sourceTree = "<group>"; };
		D6AAC7B42328661F00AF25B6 /* FlickerCollectionViewCell.swift */ = {isa = PBXFileReference; lastKnownFileType = sourcecode.swift; path = FlickerCollectionViewCell.swift; sourceTree = "<group>"; };
		D6FA8F0D2343FDFC00D736BB /* ColorExtention.swift */ = {isa = PBXFileReference; lastKnownFileType = sourcecode.swift; path = ColorExtention.swift; sourceTree = "<group>"; };
/* End PBXFileReference section */

/* Begin PBXFrameworksBuildPhase section */
		D6AAC7932327FB7C00AF25B6 /* Frameworks */ = {
			isa = PBXFrameworksBuildPhase;
			buildActionMask = 2147483647;
			files = (
			);
			runOnlyForDeploymentPostprocessing = 0;
		};
/* End PBXFrameworksBuildPhase section */

/* Begin PBXGroup section */
		D6AAC78D2327FB7C00AF25B6 = {
			isa = PBXGroup;
			children = (
				D6AAC7982327FB7C00AF25B6 /* FlickerMap */,
				D6AAC7972327FB7C00AF25B6 /* Products */,
			);
			sourceTree = "<group>";
		};
		D6AAC7972327FB7C00AF25B6 /* Products */ = {
			isa = PBXGroup;
			children = (
				D6AAC7962327FB7C00AF25B6 /* FlickerMap.app */,
			);
			name = Products;
			sourceTree = "<group>";
		};
		D6AAC7982327FB7C00AF25B6 /* FlickerMap */ = {
			isa = PBXGroup;
			children = (
				D6AAC7992327FB7C00AF25B6 /* AppDelegate.swift */,
				D6AAC79B2327FB7C00AF25B6 /* ViewController.swift */,
				D6AAC7B02328369700AF25B6 /* FlickerViewController.swift */,
				D6AAC7B22328660200AF25B6 /* Constants.swift */,
				D6AAC79D2327FB7C00AF25B6 /* Main.storyboard */,
				D6AAC7AE2328227E00AF25B6 /* CustomAnnotations.swift */,
				D6AAC7B42328661F00AF25B6 /* FlickerCollectionViewCell.swift */,
				D6FA8F0D2343FDFC00D736BB /* ColorExtention.swift */,
				D6AAC7A32327FB7E00AF25B6 /* Assets.xcassets */,
				D6AAC7A52327FB7E00AF25B6 /* LaunchScreen.storyboard */,
				D6AAC7A82327FB7E00AF25B6 /* Info.plist */,
				D6AAC7A02327FB7C00AF25B6 /* FlickerMap.xcdatamodeld */,
			);
			path = FlickerMap;
			sourceTree = "<group>";
		};
/* End PBXGroup section */

/* Begin PBXNativeTarget section */
		D6AAC7952327FB7C00AF25B6 /* FlickerMap */ = {
			isa = PBXNativeTarget;
			buildConfigurationList = D6AAC7AB2327FB7E00AF25B6 /* Build configuration list for PBXNativeTarget "FlickerMap" */;
			buildPhases = (
				D6AAC7922327FB7C00AF25B6 /* Sources */,
				D6AAC7932327FB7C00AF25B6 /* Frameworks */,
				D6AAC7942327FB7C00AF25B6 /* Resources */,
			);
			buildRules = (
			);
			dependencies = (
			);
			name = FlickerMap;
			productName = FlickerMap;
			productReference = D6AAC7962327FB7C00AF25B6 /* FlickerMap.app */;
			productType = "com.apple.product-type.application";
		};
/* End PBXNativeTarget section */

/* Begin PBXProject section */
		D6AAC78E2327FB7C00AF25B6 /* Project object */ = {
			isa = PBXProject;
			attributes = {
				LastSwiftUpdateCheck = 1030;
				LastUpgradeCheck = 1030;
				ORGANIZATIONNAME = "Mason Kelly";
				TargetAttributes = {
					D6AAC7952327FB7C00AF25B6 = {
						CreatedOnToolsVersion = 10.3;
					};
				};
			};
			buildConfigurationList = D6AAC7912327FB7C00AF25B6 /* Build configuration list for PBXProject "FlickerMap" */;
			compatibilityVersion = "Xcode 9.3";
			developmentRegion = en;
			hasScannedForEncodings = 0;
			knownRegions = (
				en,
				Base,
			);
			mainGroup = D6AAC78D2327FB7C00AF25B6;
			productRefGroup = D6AAC7972327FB7C00AF25B6 /* Products */;
			projectDirPath = "";
			projectRoot = "";
			targets = (
				D6AAC7952327FB7C00AF25B6 /* FlickerMap */,
			);
		};
/* End PBXProject section */

/* Begin PBXResourcesBuildPhase section */
		D6AAC7942327FB7C00AF25B6 /* Resources */ = {
			isa = PBXResourcesBuildPhase;
			buildActionMask = 2147483647;
			files = (
				D6AAC7A72327FB7E00AF25B6 /* LaunchScreen.storyboard in Resources */,
				D6AAC7A42327FB7E00AF25B6 /* Assets.xcassets in Resources */,
				D6AAC79F2327FB7C00AF25B6 /* Main.storyboard in Resources */,
			);
			runOnlyForDeploymentPostprocessing = 0;
		};
/* End PBXResourcesBuildPhase section */

/* Begin PBXSourcesBuildPhase section */
		D6AAC7922327FB7C00AF25B6 /* Sources */ = {
			isa = PBXSourcesBuildPhase;
			buildActionMask = 2147483647;
			files = (
				D6AAC79C2327FB7C00AF25B6 /* ViewController.swift in Sources */,
				D6AAC7B12328369700AF25B6 /* FlickerViewController.swift in Sources */,
				D6AAC79A2327FB7C00AF25B6 /* AppDelegate.swift in Sources */,
				D6AAC7B52328661F00AF25B6 /* FlickerCollectionViewCell.swift in Sources */,
				D6FA8F0E2343FDFD00D736BB /* ColorExtention.swift in Sources */,
				D6AAC7A22327FB7C00AF25B6 /* FlickerMap.xcdatamodeld in Sources */,
				D6AAC7AF2328227E00AF25B6 /* CustomAnnotations.swift in Sources */,
				D6AAC7B32328660200AF25B6 /* Constants.swift in Sources */,
			);
			runOnlyForDeploymentPostprocessing = 0;
		};
/* End PBXSourcesBuildPhase section */

/* Begin PBXVariantGroup section */
		D6AAC79D2327FB7C00AF25B6 /* Main.storyboard */ = {
			isa = PBXVariantGroup;
			children = (
				D6AAC79E2327FB7C00AF25B6 /* Base */,
			);
			name = Main.storyboard;
			sourceTree = "<group>";
		};
		D6AAC7A52327FB7E00AF25B6 /* LaunchScreen.storyboard */ = {
			isa = PBXVariantGroup;
			children = (
				D6AAC7A62327FB7E00AF25B6 /* Base */,
			);
			name = LaunchScreen.storyboard;
			sourceTree = "<group>";
		};
/* End PBXVariantGroup section */

/* Begin XCBuildConfiguration section */
		D6AAC7A92327FB7E00AF25B6 /* Debug */ = {
			isa = XCBuildConfiguration;
			buildSettings = {
				ALWAYS_SEARCH_USER_PATHS = NO;
				CLANG_ANALYZER_NONNULL = YES;
				CLANG_ANALYZER_NUMBER_OBJECT_CONVERSION = YES_AGGRESSIVE;
				CLANG_CXX_LANGUAGE_STANDARD = "gnu++14";
				CLANG_CXX_LIBRARY = "libc++";
				CLANG_ENABLE_MODULES = YES;
				CLANG_ENABLE_OBJC_ARC = YES;
				CLANG_ENABLE_OBJC_WEAK = YES;
				CLANG_WARN_BLOCK_CAPTURE_AUTORELEASING = YES;
				CLANG_WARN_BOOL_CONVERSION = YES;
				CLANG_WARN_COMMA = YES;
				CLANG_WARN_CONSTANT_CONVERSION = YES;
				CLANG_WARN_DEPRECATED_OBJC_IMPLEMENTATIONS = YES;
				CLANG_WARN_DIRECT_OBJC_ISA_USAGE = YES_ERROR;
				CLANG_WARN_DOCUMENTATION_COMMENTS = YES;
				CLANG_WARN_EMPTY_BODY = YES;
				CLANG_WARN_ENUM_CONVERSION = YES;
				CLANG_WARN_INFINITE_RECURSION = YES;
				CLANG_WARN_INT_CONVERSION = YES;
				CLANG_WARN_NON_LITERAL_NULL_CONVERSION = YES;
				CLANG_WARN_OBJC_IMPLICIT_RETAIN_SELF = YES;
				CLANG_WARN_OBJC_LITERAL_CONVERSION = YES;
				CLANG_WARN_OBJC_ROOT_CLASS = YES_ERROR;
				CLANG_WARN_RANGE_LOOP_ANALYSIS = YES;
				CLANG_WARN_STRICT_PROTOTYPES = YES;
				CLANG_WARN_SUSPICIOUS_MOVE = YES;
				CLANG_WARN_UNGUARDED_AVAILABILITY = YES_AGGRESSIVE;
				CLANG_WARN_UNREACHABLE_CODE = YES;
				CLANG_WARN__DUPLICATE_METHOD_MATCH = YES;
				CODE_SIGN_IDENTITY = "iPhone Developer";
				COPY_PHASE_STRIP = NO;
				DEBUG_INFORMATION_FORMAT = dwarf;
				ENABLE_STRICT_OBJC_MSGSEND = YES;
				ENABLE_TESTABILITY = YES;
				GCC_C_LANGUAGE_STANDARD = gnu11;
				GCC_DYNAMIC_NO_PIC = NO;
				GCC_NO_COMMON_BLOCKS = YES;
				GCC_OPTIMIZATION_LEVEL = 0;
				GCC_PREPROCESSOR_DEFINITIONS = (
					"DEBUG=1",
					"$(inherited)",
				);
				GCC_WARN_64_TO_32_BIT_CONVERSION = YES;
				GCC_WARN_ABOUT_RETURN_TYPE = YES_ERROR;
				GCC_WARN_UNDECLARED_SELECTOR = YES;
				GCC_WARN_UNINITIALIZED_AUTOS = YES_AGGRESSIVE;
				GCC_WARN_UNUSED_FUNCTION = YES;
				GCC_WARN_UNUSED_VARIABLE = YES;
				IPHONEOS_DEPLOYMENT_TARGET = 12.4;
				MTL_ENABLE_DEBUG_INFO = INCLUDE_SOURCE;
				MTL_FAST_MATH = YES;
				ONLY_ACTIVE_ARCH = YES;
				SDKROOT = iphoneos;
				SWIFT_ACTIVE_COMPILATION_CONDITIONS = DEBUG;
				SWIFT_OPTIMIZATION_LEVEL = "-Onone";
			};
			name = Debug;
		};
		D6AAC7AA2327FB7E00AF25B6 /* Release */ = {
			isa = XCBuildConfiguration;
			buildSettings = {
				ALWAYS_SEARCH_USER_PATHS = NO;
				CLANG_ANALYZER_NONNULL = YES;
				CLANG_ANALYZER_NUMBER_OBJECT_CONVERSION = YES_AGGRESSIVE;
				CLANG_CXX_LANGUAGE_STANDARD = "gnu++14";
				CLANG_CXX_LIBRARY = "libc++";
				CLANG_ENABLE_MODULES = YES;
				CLANG_ENABLE_OBJC_ARC = YES;
				CLANG_ENABLE_OBJC_WEAK = YES;
				CLANG_WARN_BLOCK_CAPTURE_AUTORELEASING = YES;
				CLANG_WARN_BOOL_CONVERSION = YES;
				CLANG_WARN_COMMA = YES;
				CLANG_WARN_CONSTANT_CONVERSION = YES;
				CLANG_WARN_DEPRECATED_OBJC_IMPLEMENTATIONS = YES;
				CLANG_WARN_DIRECT_OBJC_ISA_USAGE = YES_ERROR;
				CLANG_WARN_DOCUMENTATION_COMMENTS = YES;
				CLANG_WARN_EMPTY_BODY = YES;
				CLANG_WARN_ENUM_CONVERSION = YES;
				CLANG_WARN_INFINITE_RECURSION = YES;
				CLANG_WARN_INT_CONVERSION = YES;
				CLANG_WARN_NON_LITERAL_NULL_CONVERSION = YES;
				CLANG_WARN_OBJC_IMPLICIT_RETAIN_SELF = YES;
				CLANG_WARN_OBJC_LITERAL_CONVERSION = YES;
				CLANG_WARN_OBJC_ROOT_CLASS = YES_ERROR;
				CLANG_WARN_RANGE_LOOP_ANALYSIS = YES;
				CLANG_WARN_STRICT_PROTOTYPES = YES;
				CLANG_WARN_SUSPICIOUS_MOVE = YES;
				CLANG_WARN_UNGUARDED_AVAILABILITY = YES_AGGRESSIVE;
				CLANG_WARN_UNREACHABLE_CODE = YES;
				CLANG_WARN__DUPLICATE_METHOD_MATCH = YES;
				CODE_SIGN_IDENTITY = "iPhone Developer";
				COPY_PHASE_STRIP = NO;
				DEBUG_INFORMATION_FORMAT = "dwarf-with-dsym";
				ENABLE_NS_ASSERTIONS = NO;
				ENABLE_STRICT_OBJC_MSGSEND = YES;
				GCC_C_LANGUAGE_STANDARD = gnu11;
				GCC_NO_COMMON_BLOCKS = YES;
				GCC_WARN_64_TO_32_BIT_CONVERSION = YES;
				GCC_WARN_ABOUT_RETURN_TYPE = YES_ERROR;
				GCC_WARN_UNDECLARED_SELECTOR = YES;
				GCC_WARN_UNINITIALIZED_AUTOS = YES_AGGRESSIVE;
				GCC_WARN_UNUSED_FUNCTION = YES;
				GCC_WARN_UNUSED_VARIABLE = YES;
				IPHONEOS_DEPLOYMENT_TARGET = 12.4;
				MTL_ENABLE_DEBUG_INFO = NO;
				MTL_FAST_MATH = YES;
				SDKROOT = iphoneos;
				SWIFT_COMPILATION_MODE = wholemodule;
				SWIFT_OPTIMIZATION_LEVEL = "-O";
				VALIDATE_PRODUCT = YES;
			};
			name = Release;
		};
		D6AAC7AC2327FB7E00AF25B6 /* Debug */ = {
			isa = XCBuildConfiguration;
			buildSettings = {
				ASSETCATALOG_COMPILER_APPICON_NAME = AppIcon;
				CODE_SIGN_STYLE = Automatic;
				INFOPLIST_FILE = FlickerMap/Info.plist;
				LD_RUNPATH_SEARCH_PATHS = (
					"$(inherited)",
					"@executable_path/Frameworks",
				);
				PRODUCT_BUNDLE_IDENTIFIER = cs329e.FlickerMap;
				PRODUCT_NAME = "$(TARGET_NAME)";
				SWIFT_VERSION = 5.0;
				TARGETED_DEVICE_FAMILY = "1,2";
			};
			name = Debug;
		};
		D6AAC7AD2327FB7E00AF25B6 /* Release */ = {
			isa = XCBuildConfiguration;
			buildSettings = {
				ASSETCATALOG_COMPILER_APPICON_NAME = AppIcon;
				CODE_SIGN_STYLE = Automatic;
				INFOPLIST_FILE = FlickerMap/Info.plist;
				LD_RUNPATH_SEARCH_PATHS = (
					"$(inherited)",
					"@executable_path/Frameworks",
				);
				PRODUCT_BUNDLE_IDENTIFIER = cs329e.FlickerMap;
				PRODUCT_NAME = "$(TARGET_NAME)";
				SWIFT_VERSION = 5.0;
				TARGETED_DEVICE_FAMILY = "1,2";
			};
			name = Release;
		};
/* End XCBuildConfiguration section */

/* Begin XCConfigurationList section */
		D6AAC7912327FB7C00AF25B6 /* Build configuration list for PBXProject "FlickerMap" */ = {
			isa = XCConfigurationList;
			buildConfigurations = (
				D6AAC7A92327FB7E00AF25B6 /* Debug */,
				D6AAC7AA2327FB7E00AF25B6 /* Release */,
			);
			defaultConfigurationIsVisible = 0;
			defaultConfigurationName = Release;
		};
		D6AAC7AB2327FB7E00AF25B6 /* Build configuration list for PBXNativeTarget "FlickerMap" */ = {
			isa = XCConfigurationList;
			buildConfigurations = (
				D6AAC7AC2327FB7E00AF25B6 /* Debug */,
				D6AAC7AD2327FB7E00AF25B6 /* Release */,
			);
			defaultConfigurationIsVisible = 0;
			defaultConfigurationName = Release;
		};
/* End XCConfigurationList section */

/* Begin XCVersionGroup section */
		D6AAC7A02327FB7C00AF25B6 /* FlickerMap.xcdatamodeld */ = {
			isa = XCVersionGroup;
			children = (
				D6AAC7A12327FB7C00AF25B6 /* FlickerMap.xcdatamodel */,
			);
			currentVersion = D6AAC7A12327FB7C00AF25B6 /* FlickerMap.xcdatamodel */;
			path = FlickerMap.xcdatamodeld;
			sourceTree = "<group>";
			versionGroupType = wrapper.xcdatamodel;
		};
/* End XCVersionGroup section */
	};
	rootObject = D6AAC78E2327FB7C00AF25B6 /* Project object */;
}
